
Microsoft Visual Studio Solution File, Format Version 12.00
# Visual Studio Version 17
VisualStudioVersion = 17.11.35208.52
MinimumVisualStudioVersion = 10.0.40219.1
Project("{FAE04EC0-301F-11D3-BF4B-00C04F79EFBC}") = "SQLtoLINQ", "SQLtoLINQ.csproj", "{E62C82C0-80E7-455C-83BA-1721C8D8500B}"
EndProject
Global
	GlobalSection(SolutionConfigurationPlatforms) = preSolution
		Debug|Any CPU = Debug|Any CPU
		Release|Any CPU = Release|Any CPU
	EndGlobalSection
	GlobalSection(ProjectConfigurationPlatforms) = postSolution
		{E62C82C0-80E7-455C-83BA-1721C8D8500B}.Debug|Any CPU.ActiveCfg = Debug|Any CPU
		{E62C82C0-80E7-455C-83BA-1721C8D8500B}.Debug|Any CPU.Build.0 = Debug|Any CPU
		{E62C82C0-80E7-455C-83BA-1721C8D8500B}.Release|Any CPU.ActiveCfg = Release|Any CPU
		{E62C82C0-80E7-455C-83BA-1721C8D8500B}.Release|Any CPU.Build.0 = Release|Any CPU
	EndGlobalSection
	GlobalSection(SolutionProperties) = preSolution
		HideSolutionNode = FALSE
	EndGlobalSection
	GlobalSection(ExtensibilityGlobals) = postSolution
		SolutionGuid = {4FC29E8A-4401-43A7-B5D4-BE5525F667D9}
	EndGlobalSection
EndGlobal
